
Microsoft Visual Studio Solution File, Format Version 12.00
# Visual Studio 15
VisualStudioVersion = 15.0.28307.1169
MinimumVisualStudioVersion = 10.0.40219.1
Project("{FAE04EC0-301F-11D3-BF4B-00C04F79EFBC}") = "authentifcationService", "authentifcationService\authentifcationService.csproj", "{91A39960-DE41-4AD3-A492-15E63A476853}"
EndProject
Project("{FAE04EC0-301F-11D3-BF4B-00C04F79EFBC}") = "authentificationWorkflow", "authentificationWorkflow\authentificationWorkflow.csproj", "{5BE2D795-55C4-4F0A-970B-202D1DF9B3F6}"
EndProject
Project("{FAE04EC0-301F-11D3-BF4B-00C04F79EFBC}") = "workflowController", "workflowController\workflowController.csproj", "{D85B7248-6C43-4F81-B3CF-B913AF621233}"
EndProject
Project("{FAE04EC0-301F-11D3-BF4B-00C04F79EFBC}") = "model", "model\model.csproj", "{BACBC0B0-D718-4022-8131-AE5379B00C94}"
EndProject
Project("{FAE04EC0-301F-11D3-BF4B-00C04F79EFBC}") = "servC", "servC\servC.csproj", "{9F445F57-DC16-4D86-A7BC-A4ED13DBB1C6}"
EndProject
Project("{FAE04EC0-301F-11D3-BF4B-00C04F79EFBC}") = "clientTest", "clientTest\clientTest.csproj", "{EC9D1ABC-1075-4EC3-816C-099764BCBB22}"
EndProject
Project("{FAE04EC0-301F-11D3-BF4B-00C04F79EFBC}") = "decryptionWorkflow", "decryptionWorkflow\decryptionWorkflow.csproj", "{420098C0-9910-4B97-B94E-156D508E476A}"
EndProject
Project("{FAE04EC0-301F-11D3-BF4B-00C04F79EFBC}") = "decryptionBusiness", "DecryptionBusiness\decryptionBusiness.csproj", "{ED7F60EE-24CE-4B9C-AFF5-E138C248232D}"
EndProject
Project("{FAE04EC0-301F-11D3-BF4B-00C04F79EFBC}") = "dataPersistence", "dataPersistence\dataPersistence.csproj", "{CA7D0A31-5585-4879-A21B-7709310D6814}"
EndProject
Project("{FAE04EC0-301F-11D3-BF4B-00C04F79EFBC}") = "sqlAccess", "sqlAccess\sqlAccess.csproj", "{CC31CCB4-96E6-44A6-9755-6BD464072457}"
EndProject
Global
	GlobalSection(SolutionConfigurationPlatforms) = preSolution
		Debug|Any CPU = Debug|Any CPU
		Release|Any CPU = Release|Any CPU
	EndGlobalSection
	GlobalSection(ProjectConfigurationPlatforms) = postSolution
		{91A39960-DE41-4AD3-A492-15E63A476853}.Debug|Any CPU.ActiveCfg = Debug|Any CPU
		{91A39960-DE41-4AD3-A492-15E63A476853}.Debug|Any CPU.Build.0 = Debug|Any CPU
		{91A39960-DE41-4AD3-A492-15E63A476853}.Release|Any CPU.ActiveCfg = Release|Any CPU
		{91A39960-DE41-4AD3-A492-15E63A476853}.Release|Any CPU.Build.0 = Release|Any CPU
		{5BE2D795-55C4-4F0A-970B-202D1DF9B3F6}.Debug|Any CPU.ActiveCfg = Debug|Any CPU
		{5BE2D795-55C4-4F0A-970B-202D1DF9B3F6}.Debug|Any CPU.Build.0 = Debug|Any CPU
		{5BE2D795-55C4-4F0A-970B-202D1DF9B3F6}.Release|Any CPU.ActiveCfg = Release|Any CPU
		{5BE2D795-55C4-4F0A-970B-202D1DF9B3F6}.Release|Any CPU.Build.0 = Release|Any CPU
		{D85B7248-6C43-4F81-B3CF-B913AF621233}.Debug|Any CPU.ActiveCfg = Debug|Any CPU
		{D85B7248-6C43-4F81-B3CF-B913AF621233}.Debug|Any CPU.Build.0 = Debug|Any CPU
		{D85B7248-6C43-4F81-B3CF-B913AF621233}.Release|Any CPU.ActiveCfg = Release|Any CPU
		{D85B7248-6C43-4F81-B3CF-B913AF621233}.Release|Any CPU.Build.0 = Release|Any CPU
		{BACBC0B0-D718-4022-8131-AE5379B00C94}.Debug|Any CPU.ActiveCfg = Debug|Any CPU
		{BACBC0B0-D718-4022-8131-AE5379B00C94}.Debug|Any CPU.Build.0 = Debug|Any CPU
		{BACBC0B0-D718-4022-8131-AE5379B00C94}.Release|Any CPU.ActiveCfg = Release|Any CPU
		{BACBC0B0-D718-4022-8131-AE5379B00C94}.Release|Any CPU.Build.0 = Release|Any CPU
		{9F445F57-DC16-4D86-A7BC-A4ED13DBB1C6}.Debug|Any CPU.ActiveCfg = Debug|Any CPU
		{9F445F57-DC16-4D86-A7BC-A4ED13DBB1C6}.Debug|Any CPU.Build.0 = Debug|Any CPU
		{9F445F57-DC16-4D86-A7BC-A4ED13DBB1C6}.Release|Any CPU.ActiveCfg = Release|Any CPU
		{9F445F57-DC16-4D86-A7BC-A4ED13DBB1C6}.Release|Any CPU.Build.0 = Release|Any CPU
		{EC9D1ABC-1075-4EC3-816C-099764BCBB22}.Debug|Any CPU.ActiveCfg = Debug|Any CPU
		{EC9D1ABC-1075-4EC3-816C-099764BCBB22}.Debug|Any CPU.Build.0 = Debug|Any CPU
		{EC9D1ABC-1075-4EC3-816C-099764BCBB22}.Release|Any CPU.ActiveCfg = Release|Any CPU
		{EC9D1ABC-1075-4EC3-816C-099764BCBB22}.Release|Any CPU.Build.0 = Release|Any CPU
		{420098C0-9910-4B97-B94E-156D508E476A}.Debug|Any CPU.ActiveCfg = Debug|Any CPU
		{420098C0-9910-4B97-B94E-156D508E476A}.Debug|Any CPU.Build.0 = Debug|Any CPU
		{420098C0-9910-4B97-B94E-156D508E476A}.Release|Any CPU.ActiveCfg = Release|Any CPU
		{420098C0-9910-4B97-B94E-156D508E476A}.Release|Any CPU.Build.0 = Release|Any CPU
		{ED7F60EE-24CE-4B9C-AFF5-E138C248232D}.Debug|Any CPU.ActiveCfg = Debug|Any CPU
		{ED7F60EE-24CE-4B9C-AFF5-E138C248232D}.Debug|Any CPU.Build.0 = Debug|Any CPU
		{ED7F60EE-24CE-4B9C-AFF5-E138C248232D}.Release|Any CPU.ActiveCfg = Release|Any CPU
		{ED7F60EE-24CE-4B9C-AFF5-E138C248232D}.Release|Any CPU.Build.0 = Release|Any CPU
		{CA7D0A31-5585-4879-A21B-7709310D6814}.Debug|Any CPU.ActiveCfg = Debug|Any CPU
		{CA7D0A31-5585-4879-A21B-7709310D6814}.Debug|Any CPU.Build.0 = Debug|Any CPU
		{CA7D0A31-5585-4879-A21B-7709310D6814}.Release|Any CPU.ActiveCfg = Release|Any CPU
		{CA7D0A31-5585-4879-A21B-7709310D6814}.Release|Any CPU.Build.0 = Release|Any CPU
		{CC31CCB4-96E6-44A6-9755-6BD464072457}.Debug|Any CPU.ActiveCfg = Debug|Any CPU
		{CC31CCB4-96E6-44A6-9755-6BD464072457}.Debug|Any CPU.Build.0 = Debug|Any CPU
		{CC31CCB4-96E6-44A6-9755-6BD464072457}.Release|Any CPU.ActiveCfg = Release|Any CPU
		{CC31CCB4-96E6-44A6-9755-6BD464072457}.Release|Any CPU.Build.0 = Release|Any CPU
	EndGlobalSection
	GlobalSection(SolutionProperties) = preSolution
		HideSolutionNode = FALSE
	EndGlobalSection
	GlobalSection(ExtensibilityGlobals) = postSolution
		SolutionGuid = {BC2F32A0-8BA7-44E9-9555-FF643649606D}
	EndGlobalSection
EndGlobal
